// !$*UTF8*$!
{
	archiveVersion = 1;
	classes = {
	};
	objectVersion = 50;
	objects = {

/* Begin PBXBuildFile section */
		AF5E66A426B4162D004BD0CC /* AppDelegate.m in Sources */ = {isa = PBXBuildFile; fileRef = AF5E66A326B4162D004BD0CC /* AppDelegate.m */; };
		AF5E66A726B4162D004BD0CC /* ViewController.m in Sources */ = {isa = PBXBuildFile; fileRef = AF5E66A626B4162D004BD0CC /* ViewController.m */; };
		AF5E66A926B4162E004BD0CC /* Assets.xcassets in Resources */ = {isa = PBXBuildFile; fileRef = AF5E66A826B4162E004BD0CC /* Assets.xcassets */; };
		AF5E66AC26B4162E004BD0CC /* Main.storyboard in Resources */ = {isa = PBXBuildFile; fileRef = AF5E66AA26B4162E004BD0CC /* Main.storyboard */; };
		AF5E66AF26B4162E004BD0CC /* main.m in Sources */ = {isa = PBXBuildFile; fileRef = AF5E66AE26B4162E004BD0CC /* main.m */; };
		AF5E66BA26B4162F004BD0CC /* SymbolCrashLogTests.m in Sources */ = {isa = PBXBuildFile; fileRef = AF5E66B926B4162F004BD0CC /* SymbolCrashLogTests.m */; };
		AF5E66C526B4162F004BD0CC /* SymbolCrashLogUITests.m in Sources */ = {isa = PBXBuildFile; fileRef = AF5E66C426B4162F004BD0CC /* SymbolCrashLogUITests.m */; };
/* End PBXBuildFile section */

/* Begin PBXContainerItemProxy section */
		AF5E66B626B4162F004BD0CC /* PBXContainerItemProxy */ = {
			isa = PBXContainerItemProxy;
			containerPortal = AF5E669726B4162D004BD0CC /* Project object */;
			proxyType = 1;
			remoteGlobalIDString = AF5E669E26B4162D004BD0CC;
			remoteInfo = SymbolCrashLog;
		};
		AF5E66C126B4162F004BD0CC /* PBXContainerItemProxy */ = {
			isa = PBXContainerItemProxy;
			containerPortal = AF5E669726B4162D004BD0CC /* Project object */;
			proxyType = 1;
			remoteGlobalIDString = AF5E669E26B4162D004BD0CC;
			remoteInfo = SymbolCrashLog;
		};
/* End PBXContainerItemProxy section */

/* Begin PBXFileReference section */
		AF5E669F26B4162D004BD0CC /* SymbolCrashLog.app */ = {isa = PBXFileReference; explicitFileType = wrapper.application; includeInIndex = 0; path = SymbolCrashLog.app; sourceTree = BUILT_PRODUCTS_DIR; };
		AF5E66A226B4162D004BD0CC /* AppDelegate.h */ = {isa = PBXFileReference; lastKnownFileType = sourcecode.c.h; path = AppDelegate.h; sourceTree = "<group>"; };
		AF5E66A326B4162D004BD0CC /* AppDelegate.m */ = {isa = PBXFileReference; lastKnownFileType = sourcecode.c.objc; path = AppDelegate.m; sourceTree = "<group>"; };
		AF5E66A526B4162D004BD0CC /* ViewController.h */ = {isa = PBXFileReference; lastKnownFileType = sourcecode.c.h; path = ViewController.h; sourceTree = "<group>"; };
		AF5E66A626B4162D004BD0CC /* ViewController.m */ = {isa = PBXFileReference; lastKnownFileType = sourcecode.c.objc; path = ViewController.m; sourceTree = "<group>"; };
		AF5E66A826B4162E004BD0CC /* Assets.xcassets */ = {isa = PBXFileReference; lastKnownFileType = folder.assetcatalog; path = Assets.xcassets; sourceTree = "<group>"; };
		AF5E66AB26B4162E004BD0CC /* Base */ = {isa = PBXFileReference; lastKnownFileType = file.storyboard; name = Base; path = Base.lproj/Main.storyboard; sourceTree = "<group>"; };
		AF5E66AD26B4162E004BD0CC /* Info.plist */ = {isa = PBXFileReference; lastKnownFileType = text.plist.xml; path = Info.plist; sourceTree = "<group>"; };
		AF5E66AE26B4162E004BD0CC /* main.m */ = {isa = PBXFileReference; lastKnownFileType = sourcecode.c.objc; path = main.m; sourceTree = "<group>"; };
		AF5E66B026B4162E004BD0CC /* SymbolCrashLog.entitlements */ = {isa = PBXFileReference; lastKnownFileType = text.plist.entitlements; path = SymbolCrashLog.entitlements; sourceTree = "<group>"; };
		AF5E66B526B4162F004BD0CC /* SymbolCrashLogTests.xctest */ = {isa = PBXFileReference; explicitFileType = wrapper.cfbundle; includeInIndex = 0; path = SymbolCrashLogTests.xctest; sourceTree = BUILT_PRODUCTS_DIR; };
		AF5E66B926B4162F004BD0CC /* SymbolCrashLogTests.m */ = {isa = PBXFileReference; lastKnownFileType = sourcecode.c.objc; path = SymbolCrashLogTests.m; sourceTree = "<group>"; };
		AF5E66BB26B4162F004BD0CC /* Info.plist */ = {isa = PBXFileReference; lastKnownFileType = text.plist.xml; path = Info.plist; sourceTree = "<group>"; };
		AF5E66C026B4162F004BD0CC /* SymbolCrashLogUITests.xctest */ = {isa = PBXFileReference; explicitFileType = wrapper.cfbundle; includeInIndex = 0; path = SymbolCrashLogUITests.xctest; sourceTree = BUILT_PRODUCTS_DIR; };
		AF5E66C426B4162F004BD0CC /* SymbolCrashLogUITests.m */ = {isa = PBXFileReference; lastKnownFileType = sourcecode.c.objc; path = SymbolCrashLogUITests.m; sourceTree = "<group>"; };
		AF5E66C626B4162F004BD0CC /* Info.plist */ = {isa = PBXFileReference; lastKnownFileType = text.plist.xml; path = Info.plist; sourceTree = "<group>"; };
/* End PBXFileReference section */

/* Begin PBXFrameworksBuildPhase section */
		AF5E669C26B4162D004BD0CC /* Frameworks */ = {
			isa = PBXFrameworksBuildPhase;
			buildActionMask = 2147483647;
			files = (
			);
			runOnlyForDeploymentPostprocessing = 0;
		};
		AF5E66B226B4162F004BD0CC /* Frameworks */ = {
			isa = PBXFrameworksBuildPhase;
			buildActionMask = 2147483647;
			files = (
			);
			runOnlyForDeploymentPostprocessing = 0;
		};
		AF5E66BD26B4162F004BD0CC /* Frameworks */ = {
			isa = PBXFrameworksBuildPhase;
			buildActionMask = 2147483647;
			files = (
			);
			runOnlyForDeploymentPostprocessing = 0;
		};
/* End PBXFrameworksBuildPhase section */

/* Begin PBXGroup section */
		AF5E669626B4162D004BD0CC = {
			isa = PBXGroup;
			children = (
				AF5E66A126B4162D004BD0CC /* SymbolCrashLog */,
				AF5E66B826B4162F004BD0CC /* SymbolCrashLogTests */,
				AF5E66C326B4162F004BD0CC /* SymbolCrashLogUITests */,
				AF5E66A026B4162D004BD0CC /* Products */,
			);
			sourceTree = "<group>";
		};
		AF5E66A026B4162D004BD0CC /* Products */ = {
			isa = PBXGroup;
			children = (
				AF5E669F26B4162D004BD0CC /* SymbolCrashLog.app */,
				AF5E66B526B4162F004BD0CC /* SymbolCrashLogTests.xctest */,
				AF5E66C026B4162F004BD0CC /* SymbolCrashLogUITests.xctest */,
			);
			name = Products;
			sourceTree = "<group>";
		};
		AF5E66A126B4162D004BD0CC /* SymbolCrashLog */ = {
			isa = PBXGroup;
			children = (
				AF5E66A226B4162D004BD0CC /* AppDelegate.h */,
				AF5E66A326B4162D004BD0CC /* AppDelegate.m */,
				AF5E66A526B4162D004BD0CC /* ViewController.h */,
				AF5E66A626B4162D004BD0CC /* ViewController.m */,
				AF5E66A826B4162E004BD0CC /* Assets.xcassets */,
				AF5E66AA26B4162E004BD0CC /* Main.storyboard */,
				AF5E66AD26B4162E004BD0CC /* Info.plist */,
				AF5E66AE26B4162E004BD0CC /* main.m */,
				AF5E66B026B4162E004BD0CC /* SymbolCrashLog.entitlements */,
			);
			path = SymbolCrashLog;
			sourceTree = "<group>";
		};
		AF5E66B826B4162F004BD0CC /* SymbolCrashLogTests */ = {
			isa = PBXGroup;
			children = (
				AF5E66B926B4162F004BD0CC /* SymbolCrashLogTests.m */,
				AF5E66BB26B4162F004BD0CC /* Info.plist */,
			);
			path = SymbolCrashLogTests;
			sourceTree = "<group>";
		};
		AF5E66C326B4162F004BD0CC /* SymbolCrashLogUITests */ = {
			isa = PBXGroup;
			children = (
				AF5E66C426B4162F004BD0CC /* SymbolCrashLogUITests.m */,
				AF5E66C626B4162F004BD0CC /* Info.plist */,
			);
			path = SymbolCrashLogUITests;
			sourceTree = "<group>";
		};
/* End PBXGroup section */

/* Begin PBXNativeTarget section */
		AF5E669E26B4162D004BD0CC /* SymbolCrashLog */ = {
			isa = PBXNativeTarget;
			buildConfigurationList = AF5E66C926B4162F004BD0CC /* Build configuration list for PBXNativeTarget "SymbolCrashLog" */;
			buildPhases = (
				AF5E669B26B4162D004BD0CC /* Sources */,
				AF5E669C26B4162D004BD0CC /* Frameworks */,
				AF5E669D26B4162D004BD0CC /* Resources */,
			);
			buildRules = (
			);
			dependencies = (
			);
			name = SymbolCrashLog;
			productName = SymbolCrashLog;
			productReference = AF5E669F26B4162D004BD0CC /* SymbolCrashLog.app */;
			productType = "com.apple.product-type.application";
		};
		AF5E66B426B4162F004BD0CC /* SymbolCrashLogTests */ = {
			isa = PBXNativeTarget;
			buildConfigurationList = AF5E66CC26B4162F004BD0CC /* Build configuration list for PBXNativeTarget "SymbolCrashLogTests" */;
			buildPhases = (
				AF5E66B126B4162F004BD0CC /* Sources */,
				AF5E66B226B4162F004BD0CC /* Frameworks */,
				AF5E66B326B4162F004BD0CC /* Resources */,
			);
			buildRules = (
			);
			dependencies = (
				AF5E66B726B4162F004BD0CC /* PBXTargetDependency */,
			);
			name = SymbolCrashLogTests;
			productName = SymbolCrashLogTests;
			productReference = AF5E66B526B4162F004BD0CC /* SymbolCrashLogTests.xctest */;
			productType = "com.apple.product-type.bundle.unit-test";
		};
		AF5E66BF26B4162F004BD0CC /* SymbolCrashLogUITests */ = {
			isa = PBXNativeTarget;
			buildConfigurationList = AF5E66CF26B4162F004BD0CC /* Build configuration list for PBXNativeTarget "SymbolCrashLogUITests" */;
			buildPhases = (
				AF5E66BC26B4162F004BD0CC /* Sources */,
				AF5E66BD26B4162F004BD0CC /* Frameworks */,
				AF5E66BE26B4162F004BD0CC /* Resources */,
			);
			buildRules = (
			);
			dependencies = (
				AF5E66C226B4162F004BD0CC /* PBXTargetDependency */,
			);
			name = SymbolCrashLogUITests;
			productName = SymbolCrashLogUITests;
			productReference = AF5E66C026B4162F004BD0CC /* SymbolCrashLogUITests.xctest */;
			productType = "com.apple.product-type.bundle.ui-testing";
		};
/* End PBXNativeTarget section */

/* Begin PBXProject section */
		AF5E669726B4162D004BD0CC /* Project object */ = {
			isa = PBXProject;
			attributes = {
				LastUpgradeCheck = 1240;
				TargetAttributes = {
					AF5E669E26B4162D004BD0CC = {
						CreatedOnToolsVersion = 12.4;
					};
					AF5E66B426B4162F004BD0CC = {
						CreatedOnToolsVersion = 12.4;
						TestTargetID = AF5E669E26B4162D004BD0CC;
					};
					AF5E66BF26B4162F004BD0CC = {
						CreatedOnToolsVersion = 12.4;
						TestTargetID = AF5E669E26B4162D004BD0CC;
					};
				};
			};
			buildConfigurationList = AF5E669A26B4162D004BD0CC /* Build configuration list for PBXProject "SymbolCrashLog" */;
			compatibilityVersion = "Xcode 9.3";
			developmentRegion = en;
			hasScannedForEncodings = 0;
			knownRegions = (
				en,
				Base,
			);
			mainGroup = AF5E669626B4162D004BD0CC;
			productRefGroup = AF5E66A026B4162D004BD0CC /* Products */;
			projectDirPath = "";
			projectRoot = "";
			targets = (
				AF5E669E26B4162D004BD0CC /* SymbolCrashLog */,
				AF5E66B426B4162F004BD0CC /* SymbolCrashLogTests */,
				AF5E66BF26B4162F004BD0CC /* SymbolCrashLogUITests */,
			);
		};
/* End PBXProject section */

/* Begin PBXResourcesBuildPhase section */
		AF5E669D26B4162D004BD0CC /* Resources */ = {
			isa = PBXResourcesBuildPhase;
			buildActionMask = 2147483647;
			files = (
				AF5E66A926B4162E004BD0CC /* Assets.xcassets in Resources */,
				AF5E66AC26B4162E004BD0CC /* Main.storyboard in Resources */,
			);
			runOnlyForDeploymentPostprocessing = 0;
		};
		AF5E66B326B4162F004BD0CC /* Resources */ = {
			isa = PBXResourcesBuildPhase;
			buildActionMask = 2147483647;
			files = (
			);
			runOnlyForDeploymentPostprocessing = 0;
		};
		AF5E66BE26B4162F004BD0CC /* Resources */ = {
			isa = PBXResourcesBuildPhase;
			buildActionMask = 2147483647;
			files = (
			);
			runOnlyForDeploymentPostprocessing = 0;
		};
/* End PBXResourcesBuildPhase section */

/* Begin PBXSourcesBuildPhase section */
		AF5E669B26B4162D004BD0CC /* Sources */ = {
			isa = PBXSourcesBuildPhase;
			buildActionMask = 2147483647;
			files = (
				AF5E66A726B4162D004BD0CC /* ViewController.m in Sources */,
				AF5E66AF26B4162E004BD0CC /* main.m in Sources */,
				AF5E66A426B4162D004BD0CC /* AppDelegate.m in Sources */,
			);
			runOnlyForDeploymentPostprocessing = 0;
		};
		AF5E66B126B4162F004BD0CC /* Sources */ = {
			isa = PBXSourcesBuildPhase;
			buildActionMask = 2147483647;
			files = (
				AF5E66BA26B4162F004BD0CC /* SymbolCrashLogTests.m in Sources */,
			);
			runOnlyForDeploymentPostprocessing = 0;
		};
		AF5E66BC26B4162F004BD0CC /* Sources */ = {
			isa = PBXSourcesBuildPhase;
			buildActionMask = 2147483647;
			files = (
				AF5E66C526B4162F004BD0CC /* SymbolCrashLogUITests.m in Sources */,
			);
			runOnlyForDeploymentPostprocessing = 0;
		};
/* End PBXSourcesBuildPhase section */

/* Begin PBXTargetDependency section */
		AF5E66B726B4162F004BD0CC /* PBXTargetDependency */ = {
			isa = PBXTargetDependency;
			target = AF5E669E26B4162D004BD0CC /* SymbolCrashLog */;
			targetProxy = AF5E66B626B4162F004BD0CC /* PBXContainerItemProxy */;
		};
		AF5E66C226B4162F004BD0CC /* PBXTargetDependency */ = {
			isa = PBXTargetDependency;
			target = AF5E669E26B4162D004BD0CC /* SymbolCrashLog */;
			targetProxy = AF5E66C126B4162F004BD0CC /* PBXContainerItemProxy */;
		};
/* End PBXTargetDependency section */

/* Begin PBXVariantGroup section */
		AF5E66AA26B4162E004BD0CC /* Main.storyboard */ = {
			isa = PBXVariantGroup;
			children = (
				AF5E66AB26B4162E004BD0CC /* Base */,
			);
			name = Main.storyboard;
			sourceTree = "<group>";
		};
/* End PBXVariantGroup section */

/* Begin XCBuildConfiguration section */
		AF5E66C726B4162F004BD0CC /* Debug */ = {
			isa = XCBuildConfiguration;
			buildSettings = {
				ALWAYS_SEARCH_USER_PATHS = NO;
				CLANG_ANALYZER_NONNULL = YES;
				CLANG_ANALYZER_NUMBER_OBJECT_CONVERSION = YES_AGGRESSIVE;
				CLANG_CXX_LANGUAGE_STANDARD = "gnu++14";
				CLANG_CXX_LIBRARY = "libc++";
				CLANG_ENABLE_MODULES = YES;
				CLANG_ENABLE_OBJC_ARC = YES;
				CLANG_ENABLE_OBJC_WEAK = YES;
				CLANG_WARN_BLOCK_CAPTURE_AUTORELEASING = YES;
				CLANG_WARN_BOOL_CONVERSION = YES;
				CLANG_WARN_COMMA = YES;
				CLANG_WARN_CONSTANT_CONVERSION = YES;
				CLANG_WARN_DEPRECATED_OBJC_IMPLEMENTATIONS = YES;
				CLANG_WARN_DIRECT_OBJC_ISA_USAGE = YES_ERROR;
				CLANG_WARN_DOCUMENTATION_COMMENTS = YES;
				CLANG_WARN_EMPTY_BODY = YES;
				CLANG_WARN_ENUM_CONVERSION = YES;
				CLANG_WARN_INFINITE_RECURSION = YES;
				CLANG_WARN_INT_CONVERSION = YES;
				CLANG_WARN_NON_LITERAL_NULL_CONVERSION = YES;
				CLANG_WARN_OBJC_IMPLICIT_RETAIN_SELF = YES;
				CLANG_WARN_OBJC_LITERAL_CONVERSION = YES;
				CLANG_WARN_OBJC_ROOT_CLASS = YES_ERROR;
				CLANG_WARN_QUOTED_INCLUDE_IN_FRAMEWORK_HEADER = YES;
				CLANG_WARN_RANGE_LOOP_ANALYSIS = YES;
				CLANG_WARN_STRICT_PROTOTYPES = YES;
				CLANG_WARN_SUSPICIOUS_MOVE = YES;
				CLANG_WARN_UNGUARDED_AVAILABILITY = YES_AGGRESSIVE;
				CLANG_WARN_UNREACHABLE_CODE = YES;
				CLANG_WARN__DUPLICATE_METHOD_MATCH = YES;
				COPY_PHASE_STRIP = NO;
				DEBUG_INFORMATION_FORMAT = dwarf;
				ENABLE_STRICT_OBJC_MSGSEND = YES;
				ENABLE_TESTABILITY = YES;
				GCC_C_LANGUAGE_STANDARD = gnu11;
				GCC_DYNAMIC_NO_PIC = NO;
				GCC_NO_COMMON_BLOCKS = YES;
				GCC_OPTIMIZATION_LEVEL = 0;
				GCC_PREPROCESSOR_DEFINITIONS = (
					"DEBUG=1",
					"$(inherited)",
				);
				GCC_WARN_64_TO_32_BIT_CONVERSION = YES;
				GCC_WARN_ABOUT_RETURN_TYPE = YES_ERROR;
				GCC_WARN_UNDECLARED_SELECTOR = YES;
				GCC_WARN_UNINITIALIZED_AUTOS = YES_AGGRESSIVE;
				GCC_WARN_UNUSED_FUNCTION = YES;
				GCC_WARN_UNUSED_VARIABLE = YES;
				MACOSX_DEPLOYMENT_TARGET = 11.1;
				MTL_ENABLE_DEBUG_INFO = INCLUDE_SOURCE;
				MTL_FAST_MATH = YES;
				ONLY_ACTIVE_ARCH = YES;
				SDKROOT = macosx;
			};
			name = Debug;
		};
		AF5E66C826B4162F004BD0CC /* Release */ = {
			isa = XCBuildConfiguration;
			buildSettings = {
				ALWAYS_SEARCH_USER_PATHS = NO;
				CLANG_ANALYZER_NONNULL = YES;
				CLANG_ANALYZER_NUMBER_OBJECT_CONVERSION = YES_AGGRESSIVE;
				CLANG_CXX_LANGUAGE_STANDARD = "gnu++14";
				CLANG_CXX_LIBRARY = "libc++";
				CLANG_ENABLE_MODULES = YES;
				CLANG_ENABLE_OBJC_ARC = YES;
				CLANG_ENABLE_OBJC_WEAK = YES;
				CLANG_WARN_BLOCK_CAPTURE_AUTORELEASING = YES;
				CLANG_WARN_BOOL_CONVERSION = YES;
				CLANG_WARN_COMMA = YES;
				CLANG_WARN_CONSTANT_CONVERSION = YES;
				CLANG_WARN_DEPRECATED_OBJC_IMPLEMENTATIONS = YES;
				CLANG_WARN_DIRECT_OBJC_ISA_USAGE = YES_ERROR;
				CLANG_WARN_DOCUMENTATION_COMMENTS = YES;
				CLANG_WARN_EMPTY_BODY = YES;
				CLANG_WARN_ENUM_CONVERSION = YES;
				CLANG_WARN_INFINITE_RECURSION = YES;
				CLANG_WARN_INT_CONVERSION = YES;
				CLANG_WARN_NON_LITERAL_NULL_CONVERSION = YES;
				CLANG_WARN_OBJC_IMPLICIT_RETAIN_SELF = YES;
				CLANG_WARN_OBJC_LITERAL_CONVERSION = YES;
				CLANG_WARN_OBJC_ROOT_CLASS = YES_ERROR;
				CLANG_WARN_QUOTED_INCLUDE_IN_FRAMEWORK_HEADER = YES;
				CLANG_WARN_RANGE_LOOP_ANALYSIS = YES;
				CLANG_WARN_STRICT_PROTOTYPES = YES;
				CLANG_WARN_SUSPICIOUS_MOVE = YES;
				CLANG_WARN_UNGUARDED_AVAILABILITY = YES_AGGRESSIVE;
				CLANG_WARN_UNREACHABLE_CODE = YES;
				CLANG_WARN__DUPLICATE_METHOD_MATCH = YES;
				COPY_PHASE_STRIP = NO;
				DEBUG_INFORMATION_FORMAT = "dwarf-with-dsym";
				ENABLE_NS_ASSERTIONS = NO;
				ENABLE_STRICT_OBJC_MSGSEND = YES;
				GCC_C_LANGUAGE_STANDARD = gnu11;
				GCC_NO_COMMON_BLOCKS = YES;
				GCC_WARN_64_TO_32_BIT_CONVERSION = YES;
				GCC_WARN_ABOUT_RETURN_TYPE = YES_ERROR;
				GCC_WARN_UNDECLARED_SELECTOR = YES;
				GCC_WARN_UNINITIALIZED_AUTOS = YES_AGGRESSIVE;
				GCC_WARN_UNUSED_FUNCTION = YES;
				GCC_WARN_UNUSED_VARIABLE = YES;
				MACOSX_DEPLOYMENT_TARGET = 11.1;
				MTL_ENABLE_DEBUG_INFO = NO;
				MTL_FAST_MATH = YES;
				SDKROOT = macosx;
			};
			name = Release;
		};
		AF5E66CA26B4162F004BD0CC /* Debug */ = {
			isa = XCBuildConfiguration;
			buildSettings = {
				ASSETCATALOG_COMPILER_APPICON_NAME = AppIcon;
				ASSETCATALOG_COMPILER_GLOBAL_ACCENT_COLOR_NAME = AccentColor;
				CODE_SIGN_ENTITLEMENTS = SymbolCrashLog/SymbolCrashLog.entitlements;
				CODE_SIGN_STYLE = Automatic;
				COMBINE_HIDPI_IMAGES = YES;
				DEVELOPMENT_TEAM = EJ429UWLN6;
				ENABLE_HARDENED_RUNTIME = YES;
				INFOPLIST_FILE = SymbolCrashLog/Info.plist;
				LD_RUNPATH_SEARCH_PATHS = (
					"$(inherited)",
					"@executable_path/../Frameworks",
				);
				PRODUCT_BUNDLE_IDENTIFIER = com.missevan.SymbolCrashLog;
				PRODUCT_NAME = "$(TARGET_NAME)";
			};
			name = Debug;
		};
		AF5E66CB26B4162F004BD0CC /* Release */ = {
			isa = XCBuildConfiguration;
			buildSettings = {
				ASSETCATALOG_COMPILER_APPICON_NAME = AppIcon;
				ASSETCATALOG_COMPILER_GLOBAL_ACCENT_COLOR_NAME = AccentColor;
				CODE_SIGN_ENTITLEMENTS = SymbolCrashLog/SymbolCrashLog.entitlements;
				CODE_SIGN_STYLE = Automatic;
				COMBINE_HIDPI_IMAGES = YES;
				DEVELOPMENT_TEAM = EJ429UWLN6;
				ENABLE_HARDENED_RUNTIME = YES;
				INFOPLIST_FILE = SymbolCrashLog/Info.plist;
				LD_RUNPATH_SEARCH_PATHS = (
					"$(inherited)",
					"@executable_path/../Frameworks",
				);
				PRODUCT_BUNDLE_IDENTIFIER = com.missevan.SymbolCrashLog;
				PRODUCT_NAME = "$(TARGET_NAME)";
			};
			name = Release;
		};
		AF5E66CD26B4162F004BD0CC /* Debug */ = {
			isa = XCBuildConfiguration;
			buildSettings = {
				BUNDLE_LOADER = "$(TEST_HOST)";
				CODE_SIGN_STYLE = Automatic;
				COMBINE_HIDPI_IMAGES = YES;
				DEVELOPMENT_TEAM = EJ429UWLN6;
				INFOPLIST_FILE = SymbolCrashLogTests/Info.plist;
				LD_RUNPATH_SEARCH_PATHS = (
					"$(inherited)",
					"@executable_path/../Frameworks",
					"@loader_path/../Frameworks",
				);
				MACOSX_DEPLOYMENT_TARGET = 11.1;
				PRODUCT_BUNDLE_IDENTIFIER = com.missevan.SymbolCrashLogTests;
				PRODUCT_NAME = "$(TARGET_NAME)";
				TEST_HOST = "$(BUILT_PRODUCTS_DIR)/SymbolCrashLog.app/Contents/MacOS/SymbolCrashLog";
			};
			name = Debug;
		};
		AF5E66CE26B4162F004BD0CC /* Release */ = {
			isa = XCBuildConfiguration;
			buildSettings = {
				BUNDLE_LOADER = "$(TEST_HOST)";
				CODE_SIGN_STYLE = Automatic;
				COMBINE_HIDPI_IMAGES = YES;
				DEVELOPMENT_TEAM = EJ429UWLN6;
				INFOPLIST_FILE = SymbolCrashLogTests/Info.plist;
				LD_RUNPATH_SEARCH_PATHS = (
					"$(inherited)",
					"@executable_path/../Frameworks",
					"@loader_path/../Frameworks",
				);
				MACOSX_DEPLOYMENT_TARGET = 11.1;
				PRODUCT_BUNDLE_IDENTIFIER = com.missevan.SymbolCrashLogTests;
				PRODUCT_NAME = "$(TARGET_NAME)";
				TEST_HOST = "$(BUILT_PRODUCTS_DIR)/SymbolCrashLog.app/Contents/MacOS/SymbolCrashLog";
			};
			name = Release;
		};
		AF5E66D026B4162F004BD0CC /* Debug */ = {
			isa = XCBuildConfiguration;
			buildSettings = {
				CODE_SIGN_STYLE = Automatic;
				COMBINE_HIDPI_IMAGES = YES;
				DEVELOPMENT_TEAM = EJ429UWLN6;
				INFOPLIST_FILE = SymbolCrashLogUITests/Info.plist;
				LD_RUNPATH_SEARCH_PATHS = (
					"$(inherited)",
					"@executable_path/../Frameworks",
					"@loader_path/../Frameworks",
				);
				PRODUCT_BUNDLE_IDENTIFIER = com.missevan.SymbolCrashLogUITests;
				PRODUCT_NAME = "$(TARGET_NAME)";
				TEST_TARGET_NAME = SymbolCrashLog;
			};
			name = Debug;
		};
		AF5E66D126B4162F004BD0CC /* Release */ = {
			isa = XCBuildConfiguration;
			buildSettings = {
				CODE_SIGN_STYLE = Automatic;
				COMBINE_HIDPI_IMAGES = YES;
				DEVELOPMENT_TEAM = EJ429UWLN6;
				INFOPLIST_FILE = SymbolCrashLogUITests/Info.plist;
				LD_RUNPATH_SEARCH_PATHS = (
					"$(inherited)",
					"@executable_path/../Frameworks",
					"@loader_path/../Frameworks",
				);
				PRODUCT_BUNDLE_IDENTIFIER = com.missevan.SymbolCrashLogUITests;
				PRODUCT_NAME = "$(TARGET_NAME)";
				TEST_TARGET_NAME = SymbolCrashLog;
			};
			name = Release;
		};
/* End XCBuildConfiguration section */

/* Begin XCConfigurationList section */
		AF5E669A26B4162D004BD0CC /* Build configuration list for PBXProject "SymbolCrashLog" */ = {
			isa = XCConfigurationList;
			buildConfigurations = (
				AF5E66C726B4162F004BD0CC /* Debug */,
				AF5E66C826B4162F004BD0CC /* Release */,
			);
			defaultConfigurationIsVisible = 0;
			defaultConfigurationName = Release;
		};
		AF5E66C926B4162F004BD0CC /* Build configuration list for PBXNativeTarget "SymbolCrashLog" */ = {
			isa = XCConfigurationList;
			buildConfigurations = (
				AF5E66CA26B4162F004BD0CC /* Debug */,
				AF5E66CB26B4162F004BD0CC /* Release */,
			);
			defaultConfigurationIsVisible = 0;
			defaultConfigurationName = Release;
		};
		AF5E66CC26B4162F004BD0CC /* Build configuration list for PBXNativeTarget "SymbolCrashLogTests" */ = {
			isa = XCConfigurationList;
			buildConfigurations = (
				AF5E66CD26B4162F004BD0CC /* Debug */,
				AF5E66CE26B4162F004BD0CC /* Release */,
			);
			defaultConfigurationIsVisible = 0;
			defaultConfigurationName = Release;
		};
		AF5E66CF26B4162F004BD0CC /* Build configuration list for PBXNativeTarget "SymbolCrashLogUITests" */ = {
			isa = XCConfigurationList;
			buildConfigurations = (
				AF5E66D026B4162F004BD0CC /* Debug */,
				AF5E66D126B4162F004BD0CC /* Release */,
			);
			defaultConfigurationIsVisible = 0;
			defaultConfigurationName = Release;
		};
/* End XCConfigurationList section */
	};
	rootObject = AF5E669726B4162D004BD0CC /* Project object */;
}
